
Microsoft Visual Studio Solution File, Format Version 12.00
# Visual Studio 15
VisualStudioVersion = 15.0.27004.2005
MinimumVisualStudioVersion = 10.0.40219.1
Project("{FAE04EC0-301F-11D3-BF4B-00C04F79EFBC}") = "WDS", "WDS\WDS.csproj", "{C25F10D2-8CFB-4118-BEFD-F10A11AC525D}"
EndProject
Global
	GlobalSection(SolutionConfigurationPlatforms) = preSolution
		Debug|Any CPU = Debug|Any CPU
		Release|Any CPU = Release|Any CPU
	EndGlobalSection
	GlobalSection(ProjectConfigurationPlatforms) = postSolution
		{C25F10D2-8CFB-4118-BEFD-F10A11AC525D}.Debug|Any CPU.ActiveCfg = Debug|Any CPU
		{C25F10D2-8CFB-4118-BEFD-F10A11AC525D}.Debug|Any CPU.Build.0 = Debug|Any CPU
		{C25F10D2-8CFB-4118-BEFD-F10A11AC525D}.Release|Any CPU.ActiveCfg = Release|Any CPU
		{C25F10D2-8CFB-4118-BEFD-F10A11AC525D}.Release|Any CPU.Build.0 = Release|Any CPU
	EndGlobalSection
	GlobalSection(SolutionProperties) = preSolution
		HideSolutionNode = FALSE
	EndGlobalSection
	GlobalSection(ExtensibilityGlobals) = postSolution
		SolutionGuid = {6F32E5EE-2F9C-40CE-8570-1C4D11DB3733}
	EndGlobalSection
EndGlobal
